# Generated by pub
# See https://dart.dev/tools/pub/glossary#lockfile
packages:
  web:
    dependency: "direct dev"
    description:
      name: web
      sha256: "868d88a33d8a87b18ffc05f9f030ba328ffefba92d6c127917a2ba740f9cfe4a"
      url: "https://pub.dev"
    source: hosted
    version: "1.1.1"
sdks:
  dart: ">=3.4.0 <4.0.0"
